
Microsoft Visual Studio Solution File, Format Version 10.00
# Visual Studio 2008
Project("{FAE04EC0-301F-11D3-BF4B-00C04F79EFBC}") = "QQMhtToHtml", "QQMhtToHtml\QQMhtToHtml.csproj", "{34AC6923-15C0-41ED-B5B4-29662175C24D}"
EndProject
Global
	GlobalSection(SolutionConfigurationPlatforms) = preSolution
		Debug|Any CPU = Debug|Any CPU
		Release|Any CPU = Release|Any CPU
	EndGlobalSection
	GlobalSection(ProjectConfigurationPlatforms) = postSolution
		{34AC6923-15C0-41ED-B5B4-29662175C24D}.Debug|Any CPU.ActiveCfg = Debug|Any CPU
		{34AC6923-15C0-41ED-B5B4-29662175C24D}.Debug|Any CPU.Build.0 = Debug|Any CPU
		{34AC6923-15C0-41ED-B5B4-29662175C24D}.Release|Any CPU.ActiveCfg = Release|Any CPU
		{34AC6923-15C0-41ED-B5B4-29662175C24D}.Release|Any CPU.Build.0 = Release|Any CPU
	EndGlobalSection
	GlobalSection(SolutionProperties) = preSolution
		HideSolutionNode = FALSE
	EndGlobalSection
EndGlobal
